
Microsoft Visual Studio Solution File, Format Version 12.00
# Visual Studio Version 16
VisualStudioVersion = 16.0.31515.178
MinimumVisualStudioVersion = 10.0.40219.1
Project("{FAE04EC0-301F-11D3-BF4B-00C04F79EFBC}") = "DefaultMVCProject", "DefaultMVCProject\DefaultMVCProject.csproj", "{49FA6DD0-CC06-4C8E-9985-AECA51BB1A4F}"
EndProject
Project("{FAE04EC0-301F-11D3-BF4B-00C04F79EFBC}") = "ASPMVC_DependencyInjection_ServiceCollection_Samples", "ASPMVC_DependencyInjection_ServiceCollection_Samples\ASPMVC_DependencyInjection_ServiceCollection_Samples.csproj", "{D58C387D-8BC8-48A4-9FC6-DB8BFDC3D150}"
EndProject
Project("{FAE04EC0-301F-11D3-BF4B-00C04F79EFBC}") = "DependencyInversionInASPNETCoreDeepDive", "DependencyInversionInASPNETCoreDeepDive\DependencyInversionInASPNETCoreDeepDive.csproj", "{C9040EAE-DB93-4A0B-9D3F-AC6BD73DE8B4}"
EndProject
Project("{9A19103F-16F7-4668-BE54-9A1E7A4F7556}") = "DIScopeVsTransientVsSingletonSample", "DIScopeVsTransientVsSingletonSample\DIScopeVsTransientVsSingletonSample.csproj", "{FDA0AB90-FE7D-47D7-90C9-3BC92E7B5EE7}"
EndProject
Project("{2150E333-8FDC-42A3-9474-1A3956D46DE8}") = "Solution Items", "Solution Items", "{3EFAC618-1C62-4EA4-91D7-03588D0A8434}"
	ProjectSection(SolutionItems) = preProject
		..\Agenda.md = ..\Agenda.md
	EndProjectSection
EndProject
Global
	GlobalSection(SolutionConfigurationPlatforms) = preSolution
		Debug|Any CPU = Debug|Any CPU
		Release|Any CPU = Release|Any CPU
	EndGlobalSection
	GlobalSection(ProjectConfigurationPlatforms) = postSolution
		{49FA6DD0-CC06-4C8E-9985-AECA51BB1A4F}.Debug|Any CPU.ActiveCfg = Debug|Any CPU
		{49FA6DD0-CC06-4C8E-9985-AECA51BB1A4F}.Debug|Any CPU.Build.0 = Debug|Any CPU
		{49FA6DD0-CC06-4C8E-9985-AECA51BB1A4F}.Release|Any CPU.ActiveCfg = Release|Any CPU
		{49FA6DD0-CC06-4C8E-9985-AECA51BB1A4F}.Release|Any CPU.Build.0 = Release|Any CPU
		{D58C387D-8BC8-48A4-9FC6-DB8BFDC3D150}.Debug|Any CPU.ActiveCfg = Debug|Any CPU
		{D58C387D-8BC8-48A4-9FC6-DB8BFDC3D150}.Debug|Any CPU.Build.0 = Debug|Any CPU
		{D58C387D-8BC8-48A4-9FC6-DB8BFDC3D150}.Release|Any CPU.ActiveCfg = Release|Any CPU
		{D58C387D-8BC8-48A4-9FC6-DB8BFDC3D150}.Release|Any CPU.Build.0 = Release|Any CPU
		{C9040EAE-DB93-4A0B-9D3F-AC6BD73DE8B4}.Debug|Any CPU.ActiveCfg = Debug|Any CPU
		{C9040EAE-DB93-4A0B-9D3F-AC6BD73DE8B4}.Debug|Any CPU.Build.0 = Debug|Any CPU
		{C9040EAE-DB93-4A0B-9D3F-AC6BD73DE8B4}.Release|Any CPU.ActiveCfg = Release|Any CPU
		{C9040EAE-DB93-4A0B-9D3F-AC6BD73DE8B4}.Release|Any CPU.Build.0 = Release|Any CPU
		{FDA0AB90-FE7D-47D7-90C9-3BC92E7B5EE7}.Debug|Any CPU.ActiveCfg = Debug|Any CPU
		{FDA0AB90-FE7D-47D7-90C9-3BC92E7B5EE7}.Debug|Any CPU.Build.0 = Debug|Any CPU
		{FDA0AB90-FE7D-47D7-90C9-3BC92E7B5EE7}.Release|Any CPU.ActiveCfg = Release|Any CPU
		{FDA0AB90-FE7D-47D7-90C9-3BC92E7B5EE7}.Release|Any CPU.Build.0 = Release|Any CPU
	EndGlobalSection
	GlobalSection(SolutionProperties) = preSolution
		HideSolutionNode = FALSE
	EndGlobalSection
	GlobalSection(ExtensibilityGlobals) = postSolution
		SolutionGuid = {25535661-33A0-40FC-815B-37CA74F62CEF}
	EndGlobalSection
EndGlobal
